
Microsoft Visual Studio Solution File, Format Version 12.00
# Visual Studio Version 17
VisualStudioVersion = 17.0.31903.59
MinimumVisualStudioVersion = 10.0.40219.1
Project("{2150E333-8FDC-42A3-9474-1A3956D46DE8}") = "src", "src", "{B291D78B-1FC7-46A8-AC4F-26413C5D7A66}"
EndProject
Project("{FAE04EC0-301F-11D3-BF4B-00C04F79EFBC}") = "AvaloniaDi", "src\AvaloniaDi\AvaloniaDi.csproj", "{4146E2F5-0F86-4AE9-A479-19F0A27DDA26}"
EndProject
Global
	GlobalSection(SolutionConfigurationPlatforms) = preSolution
		Debug|Any CPU = Debug|Any CPU
		Release|Any CPU = Release|Any CPU
	EndGlobalSection
	GlobalSection(SolutionProperties) = preSolution
		HideSolutionNode = FALSE
	EndGlobalSection
	GlobalSection(ProjectConfigurationPlatforms) = postSolution
		{4146E2F5-0F86-4AE9-A479-19F0A27DDA26}.Debug|Any CPU.ActiveCfg = Debug|Any CPU
		{4146E2F5-0F86-4AE9-A479-19F0A27DDA26}.Debug|Any CPU.Build.0 = Debug|Any CPU
		{4146E2F5-0F86-4AE9-A479-19F0A27DDA26}.Release|Any CPU.ActiveCfg = Release|Any CPU
		{4146E2F5-0F86-4AE9-A479-19F0A27DDA26}.Release|Any CPU.Build.0 = Release|Any CPU
	EndGlobalSection
	GlobalSection(NestedProjects) = preSolution
		{4146E2F5-0F86-4AE9-A479-19F0A27DDA26} = {B291D78B-1FC7-46A8-AC4F-26413C5D7A66}
	EndGlobalSection
EndGlobal
